{
  "name": "jones-owja-ioc",
  "version": "1.0.0",
  "lockfileVersion": 2,
  "requires": true,
  "packages": {
    "": {
      "name": "jones-owja-ioc",
      "version": "1.0.0",
      "license": "ISC",
      "dependencies": {
        "@owja/ioc": "^1.0.1",
        "jones-ts": "^1.0.1"
      },
      "devDependencies": {
        "typescript": "^4.8.2"
      }
    },
    "node_modules/@owja/ioc": {
      "version": "1.0.1",
      "resolved": "https://registry.npmjs.org/@owja/ioc/-/ioc-1.0.1.tgz",
      "integrity": "sha512-rbg+SExgvu8YC+V4Dx9vzRJiAc5SutitJGJjIe8Mhuq06pPyV1Mvuh7lDd9DJiC9Yx1tTUQgd9B6p7udJhQGFg=="
    },
    "node_modules/jones-ts": {
      "version": "1.0.1",
      "resolved": "https://registry.npmjs.org/jones-ts/-/jones-ts-1.0.1.tgz",
      "integrity": "sha512-QYcmfN1eDrDZXmWaPPqRtAZOhBJXnsWZiXdIEALgoBY4NlkCyXsFoD3IJLejmCs9u70RyVpj+zIOj3ysXbFWxg=="
    },
    "node_modules/typescript": {
      "version": "4.8.2",
      "resolved": "https://registry.npmjs.org/typescript/-/typescript-4.8.2.tgz",
      "integrity": "sha512-C0I1UsrrDHo2fYI5oaCGbSejwX4ch+9Y5jTQELvovfmFkK3HHSZJB8MSJcWLmCUBzQBchCrZ9rMRV6GuNrvGtw==",
      "dev": true,
      "bin": {
        "tsc": "bin/tsc",
        "tsserver": "bin/tsserver"
      },
      "engines": {
        "node": ">=4.2.0"
      }
    }
  },
  "dependencies": {
    "@owja/ioc": {
      "version": "1.0.1",
      "resolved": "https://registry.npmjs.org/@owja/ioc/-/ioc-1.0.1.tgz",
      "integrity": "sha512-rbg+SExgvu8YC+V4Dx9vzRJiAc5SutitJGJjIe8Mhuq06pPyV1Mvuh7lDd9DJiC9Yx1tTUQgd9B6p7udJhQGFg=="
    },
    "jones-ts": {
      "version": "1.0.1",
      "resolved": "https://registry.npmjs.org/jones-ts/-/jones-ts-1.0.1.tgz",
      "integrity": "sha512-QYcmfN1eDrDZXmWaPPqRtAZOhBJXnsWZiXdIEALgoBY4NlkCyXsFoD3IJLejmCs9u70RyVpj+zIOj3ysXbFWxg=="
    },
    "typescript": {
      "version": "4.8.2",
      "resolved": "https://registry.npmjs.org/typescript/-/typescript-4.8.2.tgz",
      "integrity": "sha512-C0I1UsrrDHo2fYI5oaCGbSejwX4ch+9Y5jTQELvovfmFkK3HHSZJB8MSJcWLmCUBzQBchCrZ9rMRV6GuNrvGtw==",
      "dev": true
    }
  }
}
